
Microsoft Visual Studio Solution File, Format Version 12.00
# Visual Studio Version 17
VisualStudioVersion = 17.8.34330.188
MinimumVisualStudioVersion = 10.0.40219.1
Project("{2150E333-8FDC-42A3-9474-1A3956D46DE8}") = "Services", "Services", "{B9DDFD9A-02C7-44C1-93AC-361EA5BE9AA7}"
EndProject
Project("{2150E333-8FDC-42A3-9474-1A3956D46DE8}") = "Catalog", "Catalog", "{C5EE300A-09B3-49F7-A4CC-1148A300C8A8}"
EndProject
Project("{9A19103F-16F7-4668-BE54-9A1E7A4F7556}") = "Catalog.API", "Services\Catalog\Catalog.API\Catalog.API.csproj", "{147713B7-1329-4B96-9087-D31BC256D347}"
EndProject
Project("{2150E333-8FDC-42A3-9474-1A3956D46DE8}") = "BuildingBlocks", "BuildingBlocks", "{9DB96BF3-39DD-47A2-B761-07F949A0B490}"
EndProject
Project("{9A19103F-16F7-4668-BE54-9A1E7A4F7556}") = "BuildingBlocks", "BuildingBlocks\BuildingBlocks\BuildingBlocks.csproj", "{F2F96B95-8855-430C-866E-2C849E34654B}"
EndProject
Project("{E53339B2-1760-4266-BCC7-CA923CBCF16C}") = "docker-compose", "docker-compose.dcproj", "{8B864466-E67A-4454-81B7-28E97AC12BD3}"
EndProject
Project("{2150E333-8FDC-42A3-9474-1A3956D46DE8}") = "Basket", "Basket", "{4D5F69E5-F5CA-4D69-A72B-80C161A03BFD}"
EndProject
Project("{9A19103F-16F7-4668-BE54-9A1E7A4F7556}") = "Basket.API", "Services\Basket\Basket.API\Basket.API.csproj", "{EDBCFFA2-294B-4DBD-A952-74BCA56FA606}"
EndProject
Project("{2150E333-8FDC-42A3-9474-1A3956D46DE8}") = "Discount", "Discount", "{FB24E697-C695-404F-8FD0-297B8A09C19B}"
EndProject
Project("{9A19103F-16F7-4668-BE54-9A1E7A4F7556}") = "Discount.Grpc", "Services\Discount\Discount.Grpc\Discount.Grpc.csproj", "{9D231BD1-9B3B-4F80-BAE4-9D340C3037A6}"
EndProject
Project("{2150E333-8FDC-42A3-9474-1A3956D46DE8}") = "Ordering", "Ordering", "{88149567-CA51-4947-91E5-7FE994F2D5A6}"
EndProject
Project("{9A19103F-16F7-4668-BE54-9A1E7A4F7556}") = "Ordering.API", "Services\Ordering\Ordering.API\Ordering.API.csproj", "{742E146A-B642-4D54-A089-9761B8104A3C}"
EndProject
Project("{9A19103F-16F7-4668-BE54-9A1E7A4F7556}") = "Ordering.Domain", "Services\Ordering\Ordering.Domain\Ordering.Domain.csproj", "{7DE0D1F2-4DE7-4A37-9764-9C1A983092D3}"
EndProject
Project("{9A19103F-16F7-4668-BE54-9A1E7A4F7556}") = "Ordering.Application", "Services\Ordering\Ordering.Application\Ordering.Application.csproj", "{366EBBB0-B8E0-4AC4-BDF3-D192357A87DA}"
EndProject
Project("{9A19103F-16F7-4668-BE54-9A1E7A4F7556}") = "Ordering.Infrastructure", "Services\Ordering\Ordering.Infrastructure\Ordering.Infrastructure.csproj", "{F6175EAF-FCD2-4F99-A998-8906A8A98C09}"
EndProject
Project("{FAE04EC0-301F-11D3-BF4B-00C04F79EFBC}") = "BuildingBlocks.Messaging", "BuildingBlocks\BuildingBlocks.Messaging\BuildingBlocks.Messaging.csproj", "{B038A99C-705E-4FFB-9A3C-C5AB7E385040}"
EndProject
Global
	GlobalSection(SolutionConfigurationPlatforms) = preSolution
		Debug|Any CPU = Debug|Any CPU
		Release|Any CPU = Release|Any CPU
	EndGlobalSection
	GlobalSection(ProjectConfigurationPlatforms) = postSolution
		{147713B7-1329-4B96-9087-D31BC256D347}.Debug|Any CPU.ActiveCfg = Debug|Any CPU
		{147713B7-1329-4B96-9087-D31BC256D347}.Debug|Any CPU.Build.0 = Debug|Any CPU
		{147713B7-1329-4B96-9087-D31BC256D347}.Release|Any CPU.ActiveCfg = Release|Any CPU
		{147713B7-1329-4B96-9087-D31BC256D347}.Release|Any CPU.Build.0 = Release|Any CPU
		{F2F96B95-8855-430C-866E-2C849E34654B}.Debug|Any CPU.ActiveCfg = Debug|Any CPU
		{F2F96B95-8855-430C-866E-2C849E34654B}.Debug|Any CPU.Build.0 = Debug|Any CPU
		{F2F96B95-8855-430C-866E-2C849E34654B}.Release|Any CPU.ActiveCfg = Release|Any CPU
		{F2F96B95-8855-430C-866E-2C849E34654B}.Release|Any CPU.Build.0 = Release|Any CPU
		{8B864466-E67A-4454-81B7-28E97AC12BD3}.Debug|Any CPU.ActiveCfg = Debug|Any CPU
		{8B864466-E67A-4454-81B7-28E97AC12BD3}.Debug|Any CPU.Build.0 = Debug|Any CPU
		{8B864466-E67A-4454-81B7-28E97AC12BD3}.Release|Any CPU.ActiveCfg = Release|Any CPU
		{8B864466-E67A-4454-81B7-28E97AC12BD3}.Release|Any CPU.Build.0 = Release|Any CPU
		{EDBCFFA2-294B-4DBD-A952-74BCA56FA606}.Debug|Any CPU.ActiveCfg = Debug|Any CPU
		{EDBCFFA2-294B-4DBD-A952-74BCA56FA606}.Debug|Any CPU.Build.0 = Debug|Any CPU
		{EDBCFFA2-294B-4DBD-A952-74BCA56FA606}.Release|Any CPU.ActiveCfg = Release|Any CPU
		{EDBCFFA2-294B-4DBD-A952-74BCA56FA606}.Release|Any CPU.Build.0 = Release|Any CPU
		{9D231BD1-9B3B-4F80-BAE4-9D340C3037A6}.Debug|Any CPU.ActiveCfg = Debug|Any CPU
		{9D231BD1-9B3B-4F80-BAE4-9D340C3037A6}.Debug|Any CPU.Build.0 = Debug|Any CPU
		{9D231BD1-9B3B-4F80-BAE4-9D340C3037A6}.Release|Any CPU.ActiveCfg = Release|Any CPU
		{9D231BD1-9B3B-4F80-BAE4-9D340C3037A6}.Release|Any CPU.Build.0 = Release|Any CPU
		{742E146A-B642-4D54-A089-9761B8104A3C}.Debug|Any CPU.ActiveCfg = Debug|Any CPU
		{742E146A-B642-4D54-A089-9761B8104A3C}.Debug|Any CPU.Build.0 = Debug|Any CPU
		{742E146A-B642-4D54-A089-9761B8104A3C}.Release|Any CPU.ActiveCfg = Release|Any CPU
		{742E146A-B642-4D54-A089-9761B8104A3C}.Release|Any CPU.Build.0 = Release|Any CPU
		{7DE0D1F2-4DE7-4A37-9764-9C1A983092D3}.Debug|Any CPU.ActiveCfg = Debug|Any CPU
		{7DE0D1F2-4DE7-4A37-9764-9C1A983092D3}.Debug|Any CPU.Build.0 = Debug|Any CPU
		{7DE0D1F2-4DE7-4A37-9764-9C1A983092D3}.Release|Any CPU.ActiveCfg = Release|Any CPU
		{7DE0D1F2-4DE7-4A37-9764-9C1A983092D3}.Release|Any CPU.Build.0 = Release|Any CPU
		{366EBBB0-B8E0-4AC4-BDF3-D192357A87DA}.Debug|Any CPU.ActiveCfg = Debug|Any CPU
		{366EBBB0-B8E0-4AC4-BDF3-D192357A87DA}.Debug|Any CPU.Build.0 = Debug|Any CPU
		{366EBBB0-B8E0-4AC4-BDF3-D192357A87DA}.Release|Any CPU.ActiveCfg = Release|Any CPU
		{366EBBB0-B8E0-4AC4-BDF3-D192357A87DA}.Release|Any CPU.Build.0 = Release|Any CPU
		{F6175EAF-FCD2-4F99-A998-8906A8A98C09}.Debug|Any CPU.ActiveCfg = Debug|Any CPU
		{F6175EAF-FCD2-4F99-A998-8906A8A98C09}.Debug|Any CPU.Build.0 = Debug|Any CPU
		{F6175EAF-FCD2-4F99-A998-8906A8A98C09}.Release|Any CPU.ActiveCfg = Release|Any CPU
		{F6175EAF-FCD2-4F99-A998-8906A8A98C09}.Release|Any CPU.Build.0 = Release|Any CPU
		{B038A99C-705E-4FFB-9A3C-C5AB7E385040}.Debug|Any CPU.ActiveCfg = Debug|Any CPU
		{B038A99C-705E-4FFB-9A3C-C5AB7E385040}.Debug|Any CPU.Build.0 = Debug|Any CPU
		{B038A99C-705E-4FFB-9A3C-C5AB7E385040}.Release|Any CPU.ActiveCfg = Release|Any CPU
		{B038A99C-705E-4FFB-9A3C-C5AB7E385040}.Release|Any CPU.Build.0 = Release|Any CPU
	EndGlobalSection
	GlobalSection(SolutionProperties) = preSolution
		HideSolutionNode = FALSE
	EndGlobalSection
	GlobalSection(NestedProjects) = preSolution
		{C5EE300A-09B3-49F7-A4CC-1148A300C8A8} = {B9DDFD9A-02C7-44C1-93AC-361EA5BE9AA7}
		{147713B7-1329-4B96-9087-D31BC256D347} = {C5EE300A-09B3-49F7-A4CC-1148A300C8A8}
		{F2F96B95-8855-430C-866E-2C849E34654B} = {9DB96BF3-39DD-47A2-B761-07F949A0B490}
		{4D5F69E5-F5CA-4D69-A72B-80C161A03BFD} = {B9DDFD9A-02C7-44C1-93AC-361EA5BE9AA7}
		{EDBCFFA2-294B-4DBD-A952-74BCA56FA606} = {4D5F69E5-F5CA-4D69-A72B-80C161A03BFD}
		{FB24E697-C695-404F-8FD0-297B8A09C19B} = {B9DDFD9A-02C7-44C1-93AC-361EA5BE9AA7}
		{9D231BD1-9B3B-4F80-BAE4-9D340C3037A6} = {FB24E697-C695-404F-8FD0-297B8A09C19B}
		{88149567-CA51-4947-91E5-7FE994F2D5A6} = {B9DDFD9A-02C7-44C1-93AC-361EA5BE9AA7}
		{742E146A-B642-4D54-A089-9761B8104A3C} = {88149567-CA51-4947-91E5-7FE994F2D5A6}
		{7DE0D1F2-4DE7-4A37-9764-9C1A983092D3} = {88149567-CA51-4947-91E5-7FE994F2D5A6}
		{366EBBB0-B8E0-4AC4-BDF3-D192357A87DA} = {88149567-CA51-4947-91E5-7FE994F2D5A6}
		{F6175EAF-FCD2-4F99-A998-8906A8A98C09} = {88149567-CA51-4947-91E5-7FE994F2D5A6}
		{B038A99C-705E-4FFB-9A3C-C5AB7E385040} = {9DB96BF3-39DD-47A2-B761-07F949A0B490}
	EndGlobalSection
	GlobalSection(ExtensibilityGlobals) = postSolution
		SolutionGuid = {FF08D394-4C62-40BE-9A22-2CFF66344409}
	EndGlobalSection
EndGlobal
